
Microsoft Visual Studio Solution File, Format Version 12.00
# Visual Studio Version 17
VisualStudioVersion = 17.7.34031.279
MinimumVisualStudioVersion = 10.0.40219.1
Project("{FAE04EC0-301F-11D3-BF4B-00C04F79EFBC}") = "Week4Loops", "Week4Loops\Week4Loops.csproj", "{FC9D6748-E756-4C91-B4D7-9BFD7341E70E}"
EndProject
Project("{FAE04EC0-301F-11D3-BF4B-00C04F79EFBC}") = "ForLoopSum", "ForLoopSum\ForLoopSum.csproj", "{E40E4ED9-630B-4D30-BB87-3845120D77CA}"
EndProject
Project("{FAE04EC0-301F-11D3-BF4B-00C04F79EFBC}") = "RandomNumber", "RandomNumber\RandomNumber.csproj", "{40F51788-62FD-4F64-9819-A6CD115C5BB3}"
EndProject
Project("{FAE04EC0-301F-11D3-BF4B-00C04F79EFBC}") = "WhileLoops", "WhileLoops\WhileLoops.csproj", "{576CD71C-64B3-4DD9-9F5A-7788465E6CF2}"
EndProject
Global
	GlobalSection(SolutionConfigurationPlatforms) = preSolution
		Debug|Any CPU = Debug|Any CPU
		Release|Any CPU = Release|Any CPU
	EndGlobalSection
	GlobalSection(ProjectConfigurationPlatforms) = postSolution
		{FC9D6748-E756-4C91-B4D7-9BFD7341E70E}.Debug|Any CPU.ActiveCfg = Debug|Any CPU
		{FC9D6748-E756-4C91-B4D7-9BFD7341E70E}.Debug|Any CPU.Build.0 = Debug|Any CPU
		{FC9D6748-E756-4C91-B4D7-9BFD7341E70E}.Release|Any CPU.ActiveCfg = Release|Any CPU
		{FC9D6748-E756-4C91-B4D7-9BFD7341E70E}.Release|Any CPU.Build.0 = Release|Any CPU
		{E40E4ED9-630B-4D30-BB87-3845120D77CA}.Debug|Any CPU.ActiveCfg = Debug|Any CPU
		{E40E4ED9-630B-4D30-BB87-3845120D77CA}.Debug|Any CPU.Build.0 = Debug|Any CPU
		{E40E4ED9-630B-4D30-BB87-3845120D77CA}.Release|Any CPU.ActiveCfg = Release|Any CPU
		{E40E4ED9-630B-4D30-BB87-3845120D77CA}.Release|Any CPU.Build.0 = Release|Any CPU
		{40F51788-62FD-4F64-9819-A6CD115C5BB3}.Debug|Any CPU.ActiveCfg = Debug|Any CPU
		{40F51788-62FD-4F64-9819-A6CD115C5BB3}.Debug|Any CPU.Build.0 = Debug|Any CPU
		{40F51788-62FD-4F64-9819-A6CD115C5BB3}.Release|Any CPU.ActiveCfg = Release|Any CPU
		{40F51788-62FD-4F64-9819-A6CD115C5BB3}.Release|Any CPU.Build.0 = Release|Any CPU
		{576CD71C-64B3-4DD9-9F5A-7788465E6CF2}.Debug|Any CPU.ActiveCfg = Debug|Any CPU
		{576CD71C-64B3-4DD9-9F5A-7788465E6CF2}.Debug|Any CPU.Build.0 = Debug|Any CPU
		{576CD71C-64B3-4DD9-9F5A-7788465E6CF2}.Release|Any CPU.ActiveCfg = Release|Any CPU
		{576CD71C-64B3-4DD9-9F5A-7788465E6CF2}.Release|Any CPU.Build.0 = Release|Any CPU
	EndGlobalSection
	GlobalSection(SolutionProperties) = preSolution
		HideSolutionNode = FALSE
	EndGlobalSection
	GlobalSection(ExtensibilityGlobals) = postSolution
		SolutionGuid = {9660A59F-1F43-438F-A0B7-3C1A295051FB}
	EndGlobalSection
EndGlobal
